
Microsoft Visual Studio Solution File, Format Version 12.00
# Visual Studio 2012
Project("{8BC9CEB8-8B4A-11D0-8D11-00A0C91BC942}") = "Cpts_121_PA7", "Cpts_121_PA7\Cpts_121_PA7.vcxproj", "{C37A029F-960C-4816-A220-4AE52A032969}"
EndProject
Global
	GlobalSection(SolutionConfigurationPlatforms) = preSolution
		Debug|Win32 = Debug|Win32
		Release|Win32 = Release|Win32
	EndGlobalSection
	GlobalSection(ProjectConfigurationPlatforms) = postSolution
		{C37A029F-960C-4816-A220-4AE52A032969}.Debug|Win32.ActiveCfg = Debug|Win32
		{C37A029F-960C-4816-A220-4AE52A032969}.Debug|Win32.Build.0 = Debug|Win32
		{C37A029F-960C-4816-A220-4AE52A032969}.Release|Win32.ActiveCfg = Release|Win32
		{C37A029F-960C-4816-A220-4AE52A032969}.Release|Win32.Build.0 = Release|Win32
	EndGlobalSection
	GlobalSection(SolutionProperties) = preSolution
		HideSolutionNode = FALSE
	EndGlobalSection
EndGlobal
